
Microsoft Visual Studio Solution File, Format Version 12.00
# Visual Studio Version 17
VisualStudioVersion = 17.4.33403.182
MinimumVisualStudioVersion = 10.0.40219.1
Project("{FAE04EC0-301F-11D3-BF4B-00C04F79EFBC}") = "TicTacToe", "TicTacToe\TicTacToe.csproj", "{AFA4ABF2-97DE-4E64-8891-646B15DD4E6B}"
EndProject
Global
	GlobalSection(SolutionConfigurationPlatforms) = preSolution
		Debug|Any CPU = Debug|Any CPU
		Release|Any CPU = Release|Any CPU
	EndGlobalSection
	GlobalSection(ProjectConfigurationPlatforms) = postSolution
		{AFA4ABF2-97DE-4E64-8891-646B15DD4E6B}.Debug|Any CPU.ActiveCfg = Debug|Any CPU
		{AFA4ABF2-97DE-4E64-8891-646B15DD4E6B}.Debug|Any CPU.Build.0 = Debug|Any CPU
		{AFA4ABF2-97DE-4E64-8891-646B15DD4E6B}.Release|Any CPU.ActiveCfg = Release|Any CPU
		{AFA4ABF2-97DE-4E64-8891-646B15DD4E6B}.Release|Any CPU.Build.0 = Release|Any CPU
	EndGlobalSection
	GlobalSection(SolutionProperties) = preSolution
		HideSolutionNode = FALSE
	EndGlobalSection
	GlobalSection(ExtensibilityGlobals) = postSolution
		SolutionGuid = {FB2FA55F-59F3-48F9-A993-14915D9DB907}
	EndGlobalSection
EndGlobal
